
Microsoft Visual Studio Solution File, Format Version 12.00
# Visual Studio Version 17
VisualStudioVersion = 17.14.36301.6 d17.14
MinimumVisualStudioVersion = 10.0.40219.1
Project("{FAE04EC0-301F-11D3-BF4B-00C04F79EFBC}") = "CadastroTarefaAPI", "CadastroTarefaAPI.csproj", "{72FCCBA1-535E-4593-98C4-EBE397A4915D}"
EndProject
Global
	GlobalSection(SolutionConfigurationPlatforms) = preSolution
		Debug|Any CPU = Debug|Any CPU
		Release|Any CPU = Release|Any CPU
	EndGlobalSection
	GlobalSection(ProjectConfigurationPlatforms) = postSolution
		{72FCCBA1-535E-4593-98C4-EBE397A4915D}.Debug|Any CPU.ActiveCfg = Debug|Any CPU
		{72FCCBA1-535E-4593-98C4-EBE397A4915D}.Debug|Any CPU.Build.0 = Debug|Any CPU
		{72FCCBA1-535E-4593-98C4-EBE397A4915D}.Release|Any CPU.ActiveCfg = Release|Any CPU
		{72FCCBA1-535E-4593-98C4-EBE397A4915D}.Release|Any CPU.Build.0 = Release|Any CPU
	EndGlobalSection
	GlobalSection(SolutionProperties) = preSolution
		HideSolutionNode = FALSE
	EndGlobalSection
	GlobalSection(ExtensibilityGlobals) = postSolution
		SolutionGuid = {797555E6-6590-4390-B6D6-2FA481B61BEF}
	EndGlobalSection
EndGlobal
